// !$*UTF8*$!
{
	archiveVersion = 1;
	classes = {
	};
	objectVersion = 56;
	objects = {

/* Begin PBXBuildFile section */
		B9AA1A142923C4280069D7A8 /* main.swift in Sources */ = {isa = PBXBuildFile; fileRef = B9AA1A132923C4280069D7A8 /* main.swift */; };
/* End PBXBuildFile section */

/* Begin PBXCopyFilesBuildPhase section */
		B9A920CE2923BB48009B830A /* CopyFiles */ = {
			isa = PBXCopyFilesBuildPhase;
			buildActionMask = 2147483647;
			dstPath = /usr/share/man/man1/;
			dstSubfolderSpec = 0;
			files = (
			);
			runOnlyForDeploymentPostprocessing = 1;
		};
/* End PBXCopyFilesBuildPhase section */

/* Begin PBXFileReference section */
		B91A6834292D2D9F00417EE3 /* _16.swift */ = {isa = PBXFileReference; lastKnownFileType = sourcecode.swift; path = _16.swift; sourceTree = "<group>"; };
		B91A6837292D332000417EE3 /* _17.swift */ = {isa = PBXFileReference; lastKnownFileType = sourcecode.swift; path = _17.swift; sourceTree = "<group>"; };
		B95656C92924900E00A34D67 /* _04.swift */ = {isa = PBXFileReference; lastKnownFileType = sourcecode.swift; path = _04.swift; sourceTree = "<group>"; };
		B97F955E292A091700D9C64B /* _09.swift */ = {isa = PBXFileReference; lastKnownFileType = sourcecode.swift; path = _09.swift; sourceTree = "<group>"; };
		B97F9561292A0E8700D9C64B /* _10.swift */ = {isa = PBXFileReference; lastKnownFileType = sourcecode.swift; path = _10.swift; sourceTree = "<group>"; };
		B97F9564292A17E700D9C64B /* _11.swift */ = {isa = PBXFileReference; lastKnownFileType = sourcecode.swift; path = _11.swift; sourceTree = "<group>"; };
		B97F9567292A28CF00D9C64B /* _12.swift */ = {isa = PBXFileReference; lastKnownFileType = sourcecode.swift; path = _12.swift; sourceTree = "<group>"; };
		B97F956A292A2F2200D9C64B /* _13.swift */ = {isa = PBXFileReference; lastKnownFileType = sourcecode.swift; path = _13.swift; sourceTree = "<group>"; };
		B97F956D292A34FC00D9C64B /* _14.swift */ = {isa = PBXFileReference; lastKnownFileType = sourcecode.swift; path = _14.swift; sourceTree = "<group>"; };
		B97F9570292A397E00D9C64B /* _15.swift */ = {isa = PBXFileReference; lastKnownFileType = sourcecode.swift; path = _15.swift; sourceTree = "<group>"; };
		B980EDE7292756D800F6D314 /* _05.swift */ = {isa = PBXFileReference; lastKnownFileType = sourcecode.swift; path = _05.swift; sourceTree = "<group>"; };
		B980EDEA29279A4400F6D314 /* _06.swift */ = {isa = PBXFileReference; lastKnownFileType = sourcecode.swift; path = _06.swift; sourceTree = "<group>"; };
		B980EDED2927A2AC00F6D314 /* _07.swift */ = {isa = PBXFileReference; lastKnownFileType = sourcecode.swift; path = _07.swift; sourceTree = "<group>"; };
		B980EDF02927BD8000F6D314 /* _08.swift */ = {isa = PBXFileReference; lastKnownFileType = sourcecode.swift; path = _08.swift; sourceTree = "<group>"; };
		B9A920D02923BB48009B830A /* Swift_Study */ = {isa = PBXFileReference; explicitFileType = "compiled.mach-o.executable"; includeInIndex = 0; path = Swift_Study; sourceTree = BUILT_PRODUCTS_DIR; };
		B9A920D32923BB48009B830A /* _01.swift */ = {isa = PBXFileReference; lastKnownFileType = sourcecode.swift; path = _01.swift; sourceTree = "<group>"; };
		B9AA1A102923C1FC0069D7A8 /* _02.swift */ = {isa = PBXFileReference; lastKnownFileType = sourcecode.swift; path = _02.swift; sourceTree = "<group>"; };
		B9AA1A132923C4280069D7A8 /* main.swift */ = {isa = PBXFileReference; lastKnownFileType = sourcecode.swift; path = main.swift; sourceTree = "<group>"; };
		B9AA1A162923CBB90069D7A8 /* _03.swift */ = {isa = PBXFileReference; lastKnownFileType = sourcecode.swift; path = _03.swift; sourceTree = "<group>"; };
/* End PBXFileReference section */

/* Begin PBXFrameworksBuildPhase section */
		B9A920CD2923BB48009B830A /* Frameworks */ = {
			isa = PBXFrameworksBuildPhase;
			buildActionMask = 2147483647;
			files = (
			);
			runOnlyForDeploymentPostprocessing = 0;
		};
/* End PBXFrameworksBuildPhase section */

/* Begin PBXGroup section */
		B91A6833292D2D9100417EE3 /* _16 */ = {
			isa = PBXGroup;
			children = (
				B91A6834292D2D9F00417EE3 /* _16.swift */,
			);
			path = _16;
			sourceTree = "<group>";
		};
		B91A6836292D331200417EE3 /* _17 */ = {
			isa = PBXGroup;
			children = (
				B91A6837292D332000417EE3 /* _17.swift */,
			);
			path = _17;
			sourceTree = "<group>";
		};
		B95656C829248FFC00A34D67 /* _04 */ = {
			isa = PBXGroup;
			children = (
				B95656C92924900E00A34D67 /* _04.swift */,
			);
			path = _04;
			sourceTree = "<group>";
		};
		B97F955D292921AE00D9C64B /* _09 */ = {
			isa = PBXGroup;
			children = (
				B97F955E292A091700D9C64B /* _09.swift */,
			);
			path = _09;
			sourceTree = "<group>";
		};
		B97F9560292A0E6800D9C64B /* _10 */ = {
			isa = PBXGroup;
			children = (
				B97F9561292A0E8700D9C64B /* _10.swift */,
			);
			path = _10;
			sourceTree = "<group>";
		};
		B97F9563292A17DC00D9C64B /* _11 */ = {
			isa = PBXGroup;
			children = (
				B97F9564292A17E700D9C64B /* _11.swift */,
			);
			path = _11;
			sourceTree = "<group>";
		};
		B97F9566292A28C300D9C64B /* _12 */ = {
			isa = PBXGroup;
			children = (
				B97F9567292A28CF00D9C64B /* _12.swift */,
			);
			path = _12;
			sourceTree = "<group>";
		};
		B97F9569292A2F1600D9C64B /* _13 */ = {
			isa = PBXGroup;
			children = (
				B97F956A292A2F2200D9C64B /* _13.swift */,
			);
			path = _13;
			sourceTree = "<group>";
		};
		B97F956C292A34EA00D9C64B /* _14 */ = {
			isa = PBXGroup;
			children = (
				B97F956D292A34FC00D9C64B /* _14.swift */,
			);
			path = _14;
			sourceTree = "<group>";
		};
		B97F956F292A396F00D9C64B /* _15 */ = {
			isa = PBXGroup;
			children = (
				B97F9570292A397E00D9C64B /* _15.swift */,
			);
			path = _15;
			sourceTree = "<group>";
		};
		B980EDE6292756C500F6D314 /* _05 */ = {
			isa = PBXGroup;
			children = (
				B980EDE7292756D800F6D314 /* _05.swift */,
			);
			path = _05;
			sourceTree = "<group>";
		};
		B980EDE929279A3100F6D314 /* _06 */ = {
			isa = PBXGroup;
			children = (
				B980EDEA29279A4400F6D314 /* _06.swift */,
			);
			path = _06;
			sourceTree = "<group>";
		};
		B980EDEC2927A2A000F6D314 /* _07 */ = {
			isa = PBXGroup;
			children = (
				B980EDED2927A2AC00F6D314 /* _07.swift */,
			);
			path = _07;
			sourceTree = "<group>";
		};
		B980EDEF2927BD7200F6D314 /* _08 */ = {
			isa = PBXGroup;
			children = (
				B980EDF02927BD8000F6D314 /* _08.swift */,
			);
			path = _08;
			sourceTree = "<group>";
		};
		B9A920C72923BB48009B830A = {
			isa = PBXGroup;
			children = (
				B9AA1A122923C3970069D7A8 /* _00 */,
				B9A920D22923BB48009B830A /* _01 */,
				B9AA1A0F2923C1E30069D7A8 /* _02 */,
				B9AA1A152923CB730069D7A8 /* _03 */,
				B95656C829248FFC00A34D67 /* _04 */,
				B980EDE6292756C500F6D314 /* _05 */,
				B980EDE929279A3100F6D314 /* _06 */,
				B980EDEC2927A2A000F6D314 /* _07 */,
				B980EDEF2927BD7200F6D314 /* _08 */,
				B97F955D292921AE00D9C64B /* _09 */,
				B97F9560292A0E6800D9C64B /* _10 */,
				B97F9563292A17DC00D9C64B /* _11 */,
				B97F9566292A28C300D9C64B /* _12 */,
				B97F9569292A2F1600D9C64B /* _13 */,
				B97F956C292A34EA00D9C64B /* _14 */,
				B97F956F292A396F00D9C64B /* _15 */,
				B91A6833292D2D9100417EE3 /* _16 */,
				B91A6836292D331200417EE3 /* _17 */,
				B9A920D12923BB48009B830A /* Products */,
			);
			sourceTree = "<group>";
		};
		B9A920D12923BB48009B830A /* Products */ = {
			isa = PBXGroup;
			children = (
				B9A920D02923BB48009B830A /* Swift_Study */,
			);
			name = Products;
			sourceTree = "<group>";
		};
		B9A920D22923BB48009B830A /* _01 */ = {
			isa = PBXGroup;
			children = (
				B9A920D32923BB48009B830A /* _01.swift */,
			);
			path = _01;
			sourceTree = "<group>";
		};
		B9AA1A0F2923C1E30069D7A8 /* _02 */ = {
			isa = PBXGroup;
			children = (
				B9AA1A102923C1FC0069D7A8 /* _02.swift */,
			);
			path = _02;
			sourceTree = "<group>";
		};
		B9AA1A122923C3970069D7A8 /* _00 */ = {
			isa = PBXGroup;
			children = (
				B9AA1A132923C4280069D7A8 /* main.swift */,
			);
			path = _00;
			sourceTree = "<group>";
		};
		B9AA1A152923CB730069D7A8 /* _03 */ = {
			isa = PBXGroup;
			children = (
				B9AA1A162923CBB90069D7A8 /* _03.swift */,
			);
			path = _03;
			sourceTree = "<group>";
		};
/* End PBXGroup section */

/* Begin PBXNativeTarget section */
		B9A920CF2923BB48009B830A /* Swift_Study */ = {
			isa = PBXNativeTarget;
			buildConfigurationList = B9A920D72923BB48009B830A /* Build configuration list for PBXNativeTarget "Swift_Study" */;
			buildPhases = (
				B9A920CC2923BB48009B830A /* Sources */,
				B9A920CD2923BB48009B830A /* Frameworks */,
				B9A920CE2923BB48009B830A /* CopyFiles */,
			);
			buildRules = (
			);
			dependencies = (
			);
			name = Swift_Study;
			productName = _01_;
			productReference = B9A920D02923BB48009B830A /* Swift_Study */;
			productType = "com.apple.product-type.tool";
		};
/* End PBXNativeTarget section */

/* Begin PBXProject section */
		B9A920C82923BB48009B830A /* Project object */ = {
			isa = PBXProject;
			attributes = {
				BuildIndependentTargetsInParallel = 1;
				LastSwiftUpdateCheck = 1410;
				LastUpgradeCheck = 1410;
				TargetAttributes = {
					B9A920CF2923BB48009B830A = {
						CreatedOnToolsVersion = 14.1;
					};
				};
			};
			buildConfigurationList = B9A920CB2923BB48009B830A /* Build configuration list for PBXProject "Swift_Study" */;
			compatibilityVersion = "Xcode 14.0";
			developmentRegion = en;
			hasScannedForEncodings = 0;
			knownRegions = (
				en,
				Base,
			);
			mainGroup = B9A920C72923BB48009B830A;
			productRefGroup = B9A920D12923BB48009B830A /* Products */;
			projectDirPath = "";
			projectRoot = "";
			targets = (
				B9A920CF2923BB48009B830A /* Swift_Study */,
			);
		};
/* End PBXProject section */

/* Begin PBXSourcesBuildPhase section */
		B9A920CC2923BB48009B830A /* Sources */ = {
			isa = PBXSourcesBuildPhase;
			buildActionMask = 2147483647;
			files = (
				B9AA1A142923C4280069D7A8 /* main.swift in Sources */,
			);
			runOnlyForDeploymentPostprocessing = 0;
		};
/* End PBXSourcesBuildPhase section */

/* Begin XCBuildConfiguration section */
		B9A920D52923BB48009B830A /* Debug */ = {
			isa = XCBuildConfiguration;
			buildSettings = {
				ALWAYS_SEARCH_USER_PATHS = NO;
				CLANG_ANALYZER_NONNULL = YES;
				CLANG_ANALYZER_NUMBER_OBJECT_CONVERSION = YES_AGGRESSIVE;
				CLANG_CXX_LANGUAGE_STANDARD = "gnu++20";
				CLANG_ENABLE_MODULES = YES;
				CLANG_ENABLE_OBJC_ARC = YES;
				CLANG_ENABLE_OBJC_WEAK = YES;
				CLANG_WARN_BLOCK_CAPTURE_AUTORELEASING = YES;
				CLANG_WARN_BOOL_CONVERSION = YES;
				CLANG_WARN_COMMA = YES;
				CLANG_WARN_CONSTANT_CONVERSION = YES;
				CLANG_WARN_DEPRECATED_OBJC_IMPLEMENTATIONS = YES;
				CLANG_WARN_DIRECT_OBJC_ISA_USAGE = YES_ERROR;
				CLANG_WARN_DOCUMENTATION_COMMENTS = YES;
				CLANG_WARN_EMPTY_BODY = YES;
				CLANG_WARN_ENUM_CONVERSION = YES;
				CLANG_WARN_INFINITE_RECURSION = YES;
				CLANG_WARN_INT_CONVERSION = YES;
				CLANG_WARN_NON_LITERAL_NULL_CONVERSION = YES;
				CLANG_WARN_OBJC_IMPLICIT_RETAIN_SELF = YES;
				CLANG_WARN_OBJC_LITERAL_CONVERSION = YES;
				CLANG_WARN_OBJC_ROOT_CLASS = YES_ERROR;
				CLANG_WARN_QUOTED_INCLUDE_IN_FRAMEWORK_HEADER = YES;
				CLANG_WARN_RANGE_LOOP_ANALYSIS = YES;
				CLANG_WARN_STRICT_PROTOTYPES = YES;
				CLANG_WARN_SUSPICIOUS_MOVE = YES;
				CLANG_WARN_UNGUARDED_AVAILABILITY = YES_AGGRESSIVE;
				CLANG_WARN_UNREACHABLE_CODE = YES;
				CLANG_WARN__DUPLICATE_METHOD_MATCH = YES;
				COPY_PHASE_STRIP = NO;
				DEBUG_INFORMATION_FORMAT = dwarf;
				ENABLE_STRICT_OBJC_MSGSEND = YES;
				ENABLE_TESTABILITY = YES;
				GCC_C_LANGUAGE_STANDARD = gnu11;
				GCC_DYNAMIC_NO_PIC = NO;
				GCC_NO_COMMON_BLOCKS = YES;
				GCC_OPTIMIZATION_LEVEL = 0;
				GCC_PREPROCESSOR_DEFINITIONS = (
					"DEBUG=1",
					"$(inherited)",
				);
				GCC_WARN_64_TO_32_BIT_CONVERSION = YES;
				GCC_WARN_ABOUT_RETURN_TYPE = YES_ERROR;
				GCC_WARN_UNDECLARED_SELECTOR = YES;
				GCC_WARN_UNINITIALIZED_AUTOS = YES_AGGRESSIVE;
				GCC_WARN_UNUSED_FUNCTION = YES;
				GCC_WARN_UNUSED_VARIABLE = YES;
				MACOSX_DEPLOYMENT_TARGET = 13.0;
				MTL_ENABLE_DEBUG_INFO = INCLUDE_SOURCE;
				MTL_FAST_MATH = YES;
				ONLY_ACTIVE_ARCH = YES;
				SDKROOT = macosx;
				SWIFT_ACTIVE_COMPILATION_CONDITIONS = DEBUG;
				SWIFT_OPTIMIZATION_LEVEL = "-Onone";
			};
			name = Debug;
		};
		B9A920D62923BB48009B830A /* Release */ = {
			isa = XCBuildConfiguration;
			buildSettings = {
				ALWAYS_SEARCH_USER_PATHS = NO;
				CLANG_ANALYZER_NONNULL = YES;
				CLANG_ANALYZER_NUMBER_OBJECT_CONVERSION = YES_AGGRESSIVE;
				CLANG_CXX_LANGUAGE_STANDARD = "gnu++20";
				CLANG_ENABLE_MODULES = YES;
				CLANG_ENABLE_OBJC_ARC = YES;
				CLANG_ENABLE_OBJC_WEAK = YES;
				CLANG_WARN_BLOCK_CAPTURE_AUTORELEASING = YES;
				CLANG_WARN_BOOL_CONVERSION = YES;
				CLANG_WARN_COMMA = YES;
				CLANG_WARN_CONSTANT_CONVERSION = YES;
				CLANG_WARN_DEPRECATED_OBJC_IMPLEMENTATIONS = YES;
				CLANG_WARN_DIRECT_OBJC_ISA_USAGE = YES_ERROR;
				CLANG_WARN_DOCUMENTATION_COMMENTS = YES;
				CLANG_WARN_EMPTY_BODY = YES;
				CLANG_WARN_ENUM_CONVERSION = YES;
				CLANG_WARN_INFINITE_RECURSION = YES;
				CLANG_WARN_INT_CONVERSION = YES;
				CLANG_WARN_NON_LITERAL_NULL_CONVERSION = YES;
				CLANG_WARN_OBJC_IMPLICIT_RETAIN_SELF = YES;
				CLANG_WARN_OBJC_LITERAL_CONVERSION = YES;
				CLANG_WARN_OBJC_ROOT_CLASS = YES_ERROR;
				CLANG_WARN_QUOTED_INCLUDE_IN_FRAMEWORK_HEADER = YES;
				CLANG_WARN_RANGE_LOOP_ANALYSIS = YES;
				CLANG_WARN_STRICT_PROTOTYPES = YES;
				CLANG_WARN_SUSPICIOUS_MOVE = YES;
				CLANG_WARN_UNGUARDED_AVAILABILITY = YES_AGGRESSIVE;
				CLANG_WARN_UNREACHABLE_CODE = YES;
				CLANG_WARN__DUPLICATE_METHOD_MATCH = YES;
				COPY_PHASE_STRIP = NO;
				DEBUG_INFORMATION_FORMAT = "dwarf-with-dsym";
				ENABLE_NS_ASSERTIONS = NO;
				ENABLE_STRICT_OBJC_MSGSEND = YES;
				GCC_C_LANGUAGE_STANDARD = gnu11;
				GCC_NO_COMMON_BLOCKS = YES;
				GCC_WARN_64_TO_32_BIT_CONVERSION = YES;
				GCC_WARN_ABOUT_RETURN_TYPE = YES_ERROR;
				GCC_WARN_UNDECLARED_SELECTOR = YES;
				GCC_WARN_UNINITIALIZED_AUTOS = YES_AGGRESSIVE;
				GCC_WARN_UNUSED_FUNCTION = YES;
				GCC_WARN_UNUSED_VARIABLE = YES;
				MACOSX_DEPLOYMENT_TARGET = 13.0;
				MTL_ENABLE_DEBUG_INFO = NO;
				MTL_FAST_MATH = YES;
				SDKROOT = macosx;
				SWIFT_COMPILATION_MODE = wholemodule;
				SWIFT_OPTIMIZATION_LEVEL = "-O";
			};
			name = Release;
		};
		B9A920D82923BB48009B830A /* Debug */ = {
			isa = XCBuildConfiguration;
			buildSettings = {
				CODE_SIGN_STYLE = Automatic;
				DEVELOPMENT_TEAM = YDB9AY9746;
				ENABLE_HARDENED_RUNTIME = YES;
				PRODUCT_NAME = "$(TARGET_NAME)";
				SWIFT_VERSION = 5.0;
			};
			name = Debug;
		};
		B9A920D92923BB48009B830A /* Release */ = {
			isa = XCBuildConfiguration;
			buildSettings = {
				CODE_SIGN_STYLE = Automatic;
				DEVELOPMENT_TEAM = YDB9AY9746;
				ENABLE_HARDENED_RUNTIME = YES;
				PRODUCT_NAME = "$(TARGET_NAME)";
				SWIFT_VERSION = 5.0;
			};
			name = Release;
		};
/* End XCBuildConfiguration section */

/* Begin XCConfigurationList section */
		B9A920CB2923BB48009B830A /* Build configuration list for PBXProject "Swift_Study" */ = {
			isa = XCConfigurationList;
			buildConfigurations = (
				B9A920D52923BB48009B830A /* Debug */,
				B9A920D62923BB48009B830A /* Release */,
			);
			defaultConfigurationIsVisible = 0;
			defaultConfigurationName = Release;
		};
		B9A920D72923BB48009B830A /* Build configuration list for PBXNativeTarget "Swift_Study" */ = {
			isa = XCConfigurationList;
			buildConfigurations = (
				B9A920D82923BB48009B830A /* Debug */,
				B9A920D92923BB48009B830A /* Release */,
			);
			defaultConfigurationIsVisible = 0;
			defaultConfigurationName = Release;
		};
/* End XCConfigurationList section */
	};
	rootObject = B9A920C82923BB48009B830A /* Project object */;
}
